<?xml version="1.0" encoding="utf-8"?>
<Project ToolsVersion="4.0" xmlns="http://schemas.microsoft.com/developer/msbuild/2003">
  <ItemGroup>
    <Filter Include="Source Files">
      <UniqueIdentifier>{4FC737F1-C7A5-4376-A066-2A32D752A2FF}</UniqueIdentifier>
      <Extensions>cpp;c;cc;cxx;def;odl;idl;hpj;bat;asm;asmx</Extensions>
    </Filter>
    <Filter Include="Header Files">
      <UniqueIdentifier>{93995380-89BD-4b04-88EB-625FBE52EBFB}</UniqueIdentifier>
      <Extensions>h;hh;hpp;hxx;hm;inl;inc;xsd</Extensions>
    </Filter>
    <Filter Include="Resource Files">
      <UniqueIdentifier>{67DA6AB6-F800-4c08-8B7A-83BB121AAD01}</UniqueIdentifier>
      <Extensions>rc;ico;cur;bmp;dlg;rc2;rct;bin;rgs;gif;jpg;jpeg;jpe;resx;tiff;tif;png;wav</Extensions>
    </Filter>
  </ItemGroup>
  <ItemGroup>
    <ClCompile Include="engine.cpp">
      <Filter>Source Files</Filter>
    </ClCompile>
    <ClCompile Include="window.cpp">
      <Filter>Source Files</Filter>
    </ClCompile>
    <ClCompile Include="world.cpp">
      <Filter>Source Files</Filter>
    </ClCompile>
    <ClCompile Include="components\component.cpp">
      <Filter>Source Files</Filter>
    </ClCompile>
    <ClCompile Include="entities\entity.cpp">
      <Filter>Source Files</Filter>
    </ClCompile>
    <ClCompile Include="render\material.cpp">
      <Filter>Source Files</Filter>
    </ClCompile>
    <ClCompile Include="render\program.cpp">
      <Filter>Source Files</Filter>
    </ClCompile>
    <ClCompile Include="render\renderer.cpp">
      <Filter>Source Files</Filter>
    </ClCompile>
    <ClCompile Include="render\mesh\cube.cpp">
      <Filter>Source Files</Filter>
    </ClCompile>
    <ClCompile Include="render\mesh\mesh.cpp">
      <Filter>Source Files</Filter>
    </ClCompile>
    <ClCompile Include="render\mesh\sphere.cpp">
      <Filter>Source Files</Filter>
    </ClCompile>
    <ClCompile Include="resources\resources.cpp">
      <Filter>Source Files</Filter>
    </ClCompile>
    <ClCompile Include="resources\TextureLoader.cpp">
      <Filter>Source Files</Filter>
    </ClCompile>
    <ClCompile Include="resources\ProgramLoader.cpp">
      <Filter>Source Files</Filter>
    </ClCompile>
    <ClCompile Include="events\EventDispatcher.cpp">
      <Filter>Source Files</Filter>
    </ClCompile>
    <ClCompile Include="events\EventCallbackList.cpp">
      <Filter>Source Files</Filter>
    </ClCompile>
    <ClCompile Include="entities\EntityManager.cpp">
      <Filter>Source Files</Filter>
    </ClCompile>
    <ClCompile Include="components\CameraComponent.cpp">
      <Filter>Source Files</Filter>
    </ClCompile>
    <ClCompile Include="components\MeshComponent.cpp">
      <Filter>Source Files</Filter>
    </ClCompile>
    <ClCompile Include="components\TransformComponent.cpp">
      <Filter>Source Files</Filter>
    </ClCompile>
    <ClCompile Include="Render\Mesh\Quad.cpp">
      <Filter>Source Files</Filter>
    </ClCompile>
    <ClCompile Include="Logger.cpp">
      <Filter>Source Files</Filter>
    </ClCompile>
    <ClCompile Include="Components\LightComponent.cpp">
      <Filter>Source Files</Filter>
    </ClCompile>
  </ItemGroup>
  <ItemGroup>
    <ClInclude Include="engine.h">
      <Filter>Header Files</Filter>
    </ClInclude>
    <ClInclude Include="window.h">
      <Filter>Header Files</Filter>
    </ClInclude>
    <ClInclude Include="world.h">
      <Filter>Header Files</Filter>
    </ClInclude>
    <ClInclude Include="components\component.h">
      <Filter>Header Files</Filter>
    </ClInclude>
    <ClInclude Include="entities\entity.h">
      <Filter>Header Files</Filter>
    </ClInclude>
    <ClInclude Include="events\event.h">
      <Filter>Header Files</Filter>
    </ClInclude>
    <ClInclude Include="render\material.h">
      <Filter>Header Files</Filter>
    </ClInclude>
    <ClInclude Include="render\program.h">
      <Filter>Header Files</Filter>
    </ClInclude>
    <ClInclude Include="render\renderer.h">
      <Filter>Header Files</Filter>
    </ClInclude>
    <ClInclude Include="render\render_comand.h">
      <Filter>Header Files</Filter>
    </ClInclude>
    <ClInclude Include="render\texture.h">
      <Filter>Header Files</Filter>
    </ClInclude>
    <ClInclude Include="render\mesh\cube.h">
      <Filter>Header Files</Filter>
    </ClInclude>
    <ClInclude Include="render\mesh\mesh.h">
      <Filter>Header Files</Filter>
    </ClInclude>
    <ClInclude Include="render\mesh\sphere.h">
      <Filter>Header Files</Filter>
    </ClInclude>
    <ClInclude Include="resources\resources.h">
      <Filter>Header Files</Filter>
    </ClInclude>
    <ClInclude Include="resources\TextureLoader.h">
      <Filter>Header Files</Filter>
    </ClInclude>
    <ClInclude Include="resources\ProgramLoader.h">
      <Filter>Header Files</Filter>
    </ClInclude>
    <ClInclude Include="events\EventListener.h">
      <Filter>Header Files</Filter>
    </ClInclude>
    <ClInclude Include="events\EventDispatcher.h">
      <Filter>Header Files</Filter>
    </ClInclude>
    <ClInclude Include="events\EventCallbackList.h">
      <Filter>Header Files</Filter>
    </ClInclude>
    <ClInclude Include="events\eventtypes\EventWindowResized.h">
      <Filter>Header Files</Filter>
    </ClInclude>
    <ClInclude Include="events\eventtypes\EventTick.h">
      <Filter>Header Files</Filter>
    </ClInclude>
    <ClInclude Include="events\eventtypes\EventRender.h">
      <Filter>Header Files</Filter>
    </ClInclude>
    <ClInclude Include="events\eventtypes\EventPreRender.h">
      <Filter>Header Files</Filter>
    </ClInclude>
    <ClInclude Include="events\eventtypes\EventMouseScrolled.h">
      <Filter>Header Files</Filter>
    </ClInclude>
    <ClInclude Include="events\eventtypes\EventMouseClicked.h">
      <Filter>Header Files</Filter>
    </ClInclude>
    <ClInclude Include="events\eventtypes\EventKeyPressed.h">
      <Filter>Header Files</Filter>
    </ClInclude>
    <ClInclude Include="events\eventtypes\EventEntityCreated.h">
      <Filter>Header Files</Filter>
    </ClInclude>
    <ClInclude Include="events\eventtypes\EventCursorMoved.h">
      <Filter>Header Files</Filter>
    </ClInclude>
    <ClInclude Include="entities\EntityManager.h">
      <Filter>Header Files</Filter>
    </ClInclude>
    <ClInclude Include="components\CameraComponent.h">
      <Filter>Header Files</Filter>
    </ClInclude>
    <ClInclude Include="components\MeshComponent.h">
      <Filter>Header Files</Filter>
    </ClInclude>
    <ClInclude Include="components\TransformComponent.h">
      <Filter>Header Files</Filter>
    </ClInclude>
    <ClInclude Include="Render\RenderCommand.h">
      <Filter>Header Files</Filter>
    </ClInclude>
    <ClInclude Include="Render\Mesh\Quad.h">
      <Filter>Header Files</Filter>
    </ClInclude>
    <ClInclude Include="Logger.h">
      <Filter>Header Files</Filter>
    </ClInclude>
    <ClInclude Include="Render\Light.h">
      <Filter>Header Files</Filter>
    </ClInclude>
    <ClInclude Include="Components\LightComponent.h">
      <Filter>Header Files</Filter>
    </ClInclude>
  </ItemGroup>
</Project>